
Microsoft Visual Studio Solution File, Format Version 12.00
# Visual Studio Version 16
VisualStudioVersion = 16.0.31702.278
MinimumVisualStudioVersion = 10.0.40219.1
Project("{8BC9CEB8-8B4A-11D0-8D11-00A0C91BC942}") = "2021-10-11 Property sales C", "2021-10-11 Property sales C\2021-10-11 Property sales C.vcxproj", "{12DD3C8D-95D0-4DD2-AB44-3F7C034D0DE5}"
EndProject
Global
	GlobalSection(SolutionConfigurationPlatforms) = preSolution
		Debug|x64 = Debug|x64
		Debug|x86 = Debug|x86
		Release|x64 = Release|x64
		Release|x86 = Release|x86
	EndGlobalSection
	GlobalSection(ProjectConfigurationPlatforms) = postSolution
		{12DD3C8D-95D0-4DD2-AB44-3F7C034D0DE5}.Debug|x64.ActiveCfg = Debug|x64
		{12DD3C8D-95D0-4DD2-AB44-3F7C034D0DE5}.Debug|x64.Build.0 = Debug|x64
		{12DD3C8D-95D0-4DD2-AB44-3F7C034D0DE5}.Debug|x86.ActiveCfg = Debug|Win32
		{12DD3C8D-95D0-4DD2-AB44-3F7C034D0DE5}.Debug|x86.Build.0 = Debug|Win32
		{12DD3C8D-95D0-4DD2-AB44-3F7C034D0DE5}.Release|x64.ActiveCfg = Release|x64
		{12DD3C8D-95D0-4DD2-AB44-3F7C034D0DE5}.Release|x64.Build.0 = Release|x64
		{12DD3C8D-95D0-4DD2-AB44-3F7C034D0DE5}.Release|x86.ActiveCfg = Release|Win32
		{12DD3C8D-95D0-4DD2-AB44-3F7C034D0DE5}.Release|x86.Build.0 = Release|Win32
	EndGlobalSection
	GlobalSection(SolutionProperties) = preSolution
		HideSolutionNode = FALSE
	EndGlobalSection
	GlobalSection(ExtensibilityGlobals) = postSolution
		SolutionGuid = {8BEEC775-FA77-4CF0-B69F-EE82D43FC249}
	EndGlobalSection
EndGlobal
