
Microsoft Visual Studio Solution File, Format Version 12.00
# Visual Studio Version 16
VisualStudioVersion = 16.0.32126.315
MinimumVisualStudioVersion = 10.0.40219.1
Project("{8BC9CEB8-8B4A-11D0-8D11-00A0C91BC942}") = "Assignment19_CathalLawlor_21325456", "Assignment19_CathalLawlor_21325456.vcxproj", "{81F65971-0526-483B-AD38-30B189782597}"
EndProject
Global
	GlobalSection(SolutionConfigurationPlatforms) = preSolution
		Debug|x64 = Debug|x64
		Debug|x86 = Debug|x86
		Release|x64 = Release|x64
		Release|x86 = Release|x86
	EndGlobalSection
	GlobalSection(ProjectConfigurationPlatforms) = postSolution
		{81F65971-0526-483B-AD38-30B189782597}.Debug|x64.ActiveCfg = Debug|x64
		{81F65971-0526-483B-AD38-30B189782597}.Debug|x64.Build.0 = Debug|x64
		{81F65971-0526-483B-AD38-30B189782597}.Debug|x86.ActiveCfg = Debug|Win32
		{81F65971-0526-483B-AD38-30B189782597}.Debug|x86.Build.0 = Debug|Win32
		{81F65971-0526-483B-AD38-30B189782597}.Release|x64.ActiveCfg = Release|x64
		{81F65971-0526-483B-AD38-30B189782597}.Release|x64.Build.0 = Release|x64
		{81F65971-0526-483B-AD38-30B189782597}.Release|x86.ActiveCfg = Release|Win32
		{81F65971-0526-483B-AD38-30B189782597}.Release|x86.Build.0 = Release|Win32
	EndGlobalSection
	GlobalSection(SolutionProperties) = preSolution
		HideSolutionNode = FALSE
	EndGlobalSection
	GlobalSection(ExtensibilityGlobals) = postSolution
		SolutionGuid = {0AE0C4F0-1B60-419A-B703-76EEA36287E7}
	EndGlobalSection
EndGlobal
